<?xml version="1.0" encoding="utf-8"?>
<Project ToolsVersion="4.0" xmlns="http://schemas.microsoft.com/developer/msbuild/2003">
  <ItemGroup>
    <Filter Include="Source Files">
      <UniqueIdentifier>{4FC737F1-C7A5-4376-A066-2A32D752A2FF}</UniqueIdentifier>
      <Extensions>cpp;c;cc;cxx;def;odl;idl;hpj;bat;asm;asmx</Extensions>
    </Filter>
    <Filter Include="Header Files">
      <UniqueIdentifier>{93995380-89BD-4b04-88EB-625FBE52EBFB}</UniqueIdentifier>
      <Extensions>h;hh;hpp;hxx;hm;inl;inc;xsd</Extensions>
    </Filter>
    <Filter Include="Resource Files">
      <UniqueIdentifier>{67DA6AB6-F800-4c08-8B7A-83BB121AAD01}</UniqueIdentifier>
      <Extensions>rc;ico;cur;bmp;dlg;rc2;rct;bin;rgs;gif;jpg;jpeg;jpe;resx;tiff;tif;png;wav;mfcribbon-ms</Extensions>
    </Filter>
  </ItemGroup>
  <ItemGroup>
    <ClInclude Include="fabl.h">
      <Filter>Header Files</Filter>
    </ClInclude>
    <ClInclude Include="pup.h">
      <Filter>Header Files</Filter>
    </ClInclude>
    <ClInclude Include="pup_m.h">
      <Filter>Header Files</Filter>
    </ClInclude>
    <ClInclude Include="pup_gl1.h">
      <Filter>Header Files</Filter>
    </ClInclude>
    <ClInclude Include="pup_snd.h">
      <Filter>Header Files</Filter>
    </ClInclude>
    <ClInclude Include="pup_env.h">
      <Filter>Header Files</Filter>
    </ClInclude>
    <ClInclude Include="pup_core.h">
      <Filter>Header Files</Filter>
    </ClInclude>
    <ClInclude Include="pup_io.h">
      <Filter>Header Files</Filter>
    </ClInclude>
    <ClInclude Include="pup_app.h">
      <Filter>Header Files</Filter>
    </ClInclude>
    <ClInclude Include="..\vendor\sources\sqlite-3.8\sqlite3.h">
      <Filter>Header Files</Filter>
    </ClInclude>
    <ClInclude Include="..\vendor\sources\sqlite-3.8\sqlite3ext.h">
      <Filter>Header Files</Filter>
    </ClInclude>
    <ClInclude Include="..\vendor\sources\sqlitecpp-1.1\include\SQLiteCpp\Assertion.h">
      <Filter>Header Files</Filter>
    </ClInclude>
    <ClInclude Include="..\vendor\sources\sqlitecpp-1.1\include\SQLiteCpp\Column.h">
      <Filter>Header Files</Filter>
    </ClInclude>
    <ClInclude Include="..\vendor\sources\sqlitecpp-1.1\include\SQLiteCpp\Database.h">
      <Filter>Header Files</Filter>
    </ClInclude>
    <ClInclude Include="..\vendor\sources\sqlitecpp-1.1\include\SQLiteCpp\Exception.h">
      <Filter>Header Files</Filter>
    </ClInclude>
    <ClInclude Include="..\vendor\sources\sqlitecpp-1.1\include\SQLiteCpp\SQLiteCpp.h">
      <Filter>Header Files</Filter>
    </ClInclude>
    <ClInclude Include="..\vendor\sources\sqlitecpp-1.1\include\SQLiteCpp\Statement.h">
      <Filter>Header Files</Filter>
    </ClInclude>
    <ClInclude Include="..\vendor\sources\sqlitecpp-1.1\include\SQLiteCpp\Transaction.h">
      <Filter>Header Files</Filter>
    </ClInclude>
  </ItemGroup>
  <ItemGroup>
    <ClCompile Include="fabl.cpp">
      <Filter>Source Files</Filter>
    </ClCompile>
    <ClCompile Include="pup.cpp">
      <Filter>Source Files</Filter>
    </ClCompile>
    <ClCompile Include="main.cpp">
      <Filter>Source Files</Filter>
    </ClCompile>
    <ClCompile Include="pup_test.cpp">
      <Filter>Source Files</Filter>
    </ClCompile>
    <ClCompile Include="fabl_test.cpp">
      <Filter>Source Files</Filter>
    </ClCompile>
    <ClCompile Include="pup_m.cpp">
      <Filter>Source Files</Filter>
    </ClCompile>
    <ClCompile Include="pup_gl1.cpp">
      <Filter>Source Files</Filter>
    </ClCompile>
    <ClCompile Include="pup_snd.cpp">
      <Filter>Source Files</Filter>
    </ClCompile>
    <ClCompile Include="pup_io.cpp">
      <Filter>Source Files</Filter>
    </ClCompile>
    <ClCompile Include="pup_app.cpp">
      <Filter>Source Files</Filter>
    </ClCompile>
    <ClCompile Include="..\vendor\sources\sqlite-3.8\sqlite3.c">
      <Filter>Source Files</Filter>
    </ClCompile>
    <ClCompile Include="..\vendor\sources\sqlitecpp-1.1\src\Column.cpp">
      <Filter>Source Files</Filter>
    </ClCompile>
    <ClCompile Include="..\vendor\sources\sqlitecpp-1.1\src\Database.cpp">
      <Filter>Source Files</Filter>
    </ClCompile>
    <ClCompile Include="..\vendor\sources\sqlitecpp-1.1\src\Statement.cpp">
      <Filter>Source Files</Filter>
    </ClCompile>
    <ClCompile Include="..\vendor\sources\sqlitecpp-1.1\src\Transaction.cpp">
      <Filter>Source Files</Filter>
    </ClCompile>
    <ClCompile Include="fabl_options.cpp">
      <Filter>Source Files</Filter>
    </ClCompile>
    <ClCompile Include="fabl_menus.cpp">
      <Filter>Source Files</Filter>
    </ClCompile>
    <ClCompile Include="fabl_ui.cpp">
      <Filter>Source Files</Filter>
    </ClCompile>
    <ClCompile Include="fabl_ng.cpp">
      <Filter>Source Files</Filter>
    </ClCompile>
  </ItemGroup>
  <ItemGroup>
    <None Include="..\README.md">
      <Filter>Resource Files</Filter>
    </None>
    <None Include="..\resources\config.ini-orig">
      <Filter>Resource Files</Filter>
    </None>
  </ItemGroup>
</Project>